
Microsoft Visual Studio Solution File, Format Version 12.00
# Visual Studio Version 17
VisualStudioVersion = 17.14.36518.9 d17.14
MinimumVisualStudioVersion = 10.0.40219.1
Project("{FAE04EC0-301F-11D3-BF4B-00C04F79EFBC}") = "demopract", "demopract\demopract.csproj", "{C5D2ED4A-86A9-4069-9B2F-CB6BA4F0A666}"
EndProject
Global
	GlobalSection(SolutionConfigurationPlatforms) = preSolution
		Debug|Any CPU = Debug|Any CPU
		Release|Any CPU = Release|Any CPU
	EndGlobalSection
	GlobalSection(ProjectConfigurationPlatforms) = postSolution
		{C5D2ED4A-86A9-4069-9B2F-CB6BA4F0A666}.Debug|Any CPU.ActiveCfg = Debug|Any CPU
		{C5D2ED4A-86A9-4069-9B2F-CB6BA4F0A666}.Debug|Any CPU.Build.0 = Debug|Any CPU
		{C5D2ED4A-86A9-4069-9B2F-CB6BA4F0A666}.Release|Any CPU.ActiveCfg = Release|Any CPU
		{C5D2ED4A-86A9-4069-9B2F-CB6BA4F0A666}.Release|Any CPU.Build.0 = Release|Any CPU
	EndGlobalSection
	GlobalSection(SolutionProperties) = preSolution
		HideSolutionNode = FALSE
	EndGlobalSection
	GlobalSection(ExtensibilityGlobals) = postSolution
		SolutionGuid = {E398234D-2278-4439-A236-3CD88FF5F75E}
	EndGlobalSection
EndGlobal
